
Microsoft Visual Studio Solution File, Format Version 12.00
# Visual Studio Version 17
VisualStudioVersion = 17.13.35825.156 d17.13
MinimumVisualStudioVersion = 10.0.40219.1
Project("{FAE04EC0-301F-11D3-BF4B-00C04F79EFBC}") = "CadastroPessoaAPI", "CadastroPessoaAPI\CadastroPessoaAPI.csproj", "{3193E8BC-4142-405E-A931-13B0BCD4446D}"
EndProject
Global
	GlobalSection(SolutionConfigurationPlatforms) = preSolution
		Debug|Any CPU = Debug|Any CPU
		Release|Any CPU = Release|Any CPU
	EndGlobalSection
	GlobalSection(ProjectConfigurationPlatforms) = postSolution
		{3193E8BC-4142-405E-A931-13B0BCD4446D}.Debug|Any CPU.ActiveCfg = Debug|Any CPU
		{3193E8BC-4142-405E-A931-13B0BCD4446D}.Debug|Any CPU.Build.0 = Debug|Any CPU
		{3193E8BC-4142-405E-A931-13B0BCD4446D}.Release|Any CPU.ActiveCfg = Release|Any CPU
		{3193E8BC-4142-405E-A931-13B0BCD4446D}.Release|Any CPU.Build.0 = Release|Any CPU
	EndGlobalSection
	GlobalSection(SolutionProperties) = preSolution
		HideSolutionNode = FALSE
	EndGlobalSection
	GlobalSection(ExtensibilityGlobals) = postSolution
		SolutionGuid = {C8A1C8BD-6E1E-418C-9D88-E08D09DA23F7}
	EndGlobalSection
EndGlobal
